
Microsoft Visual Studio Solution File, Format Version 12.00
# Visual Studio Version 17
VisualStudioVersion = 17.5.002.0
MinimumVisualStudioVersion = 10.0.40219.1
Project("{9A19103F-16F7-4668-BE54-9A1E7A4F7556}") = "MenuManagerCore", "MenuManagerCore.csproj", "{CC54C5B3-EB56-4FC6-B070-B9CB60BAFFB4}"
EndProject
Global
	GlobalSection(SolutionConfigurationPlatforms) = preSolution
		Debug|Any CPU = Debug|Any CPU
		Release|Any CPU = Release|Any CPU
	EndGlobalSection
	GlobalSection(ProjectConfigurationPlatforms) = postSolution
		{CC54C5B3-EB56-4FC6-B070-B9CB60BAFFB4}.Debug|Any CPU.ActiveCfg = Debug|Any CPU
		{CC54C5B3-EB56-4FC6-B070-B9CB60BAFFB4}.Debug|Any CPU.Build.0 = Debug|Any CPU
		{CC54C5B3-EB56-4FC6-B070-B9CB60BAFFB4}.Release|Any CPU.ActiveCfg = Release|Any CPU
		{CC54C5B3-EB56-4FC6-B070-B9CB60BAFFB4}.Release|Any CPU.Build.0 = Release|Any CPU
	EndGlobalSection
	GlobalSection(SolutionProperties) = preSolution
		HideSolutionNode = FALSE
	EndGlobalSection
	GlobalSection(ExtensibilityGlobals) = postSolution
		SolutionGuid = {86077EF8-6EFA-4982-99E0-16D3385906B3}
	EndGlobalSection
EndGlobal
